
Microsoft Visual Studio Solution File, Format Version 12.00
# Visual Studio 15
VisualStudioVersion = 15.0.27004.2008
MinimumVisualStudioVersion = 10.0.40219.1
Project("{FAE04EC0-301F-11D3-BF4B-00C04F79EFBC}") = "NonlinearSystem", "NonlinearSystem\NonlinearSystem.csproj", "{56B18624-92EE-44E0-A654-F86B72551462}"
EndProject
Project("{FAE04EC0-301F-11D3-BF4B-00C04F79EFBC}") = "TestEnvironments", "CMNFTest\TestEnvironments.csproj", "{7303FFD7-11C6-4F25-A388-25F251DC36C6}"
EndProject
Project("{888888A0-9F3D-457C-B088-3A5042F75D52}") = "OutputScripts", "OutputScripts\OutputScripts.pyproj", "{ADC1803E-E8B1-4A29-92D1-D159BFC60216}"
EndProject
Project("{FAE04EC0-301F-11D3-BF4B-00C04F79EFBC}") = "CMNF", "CMNF\CMNF.csproj", "{31100BA7-7A93-4AFD-8DF1-EB039938184B}"
EndProject
Project("{FAE04EC0-301F-11D3-BF4B-00C04F79EFBC}") = "UKF", "UKF\UKF.csproj", "{A6D93E6B-F39B-43B3-8B15-A376AE0E069F}"
EndProject
Project("{FAE04EC0-301F-11D3-BF4B-00C04F79EFBC}") = "PythonInteract", "PythonInteract\PythonInteract.csproj", "{AD1A8CDF-9631-4053-A676-5C5F8C164EF8}"
EndProject
Project("{FAE04EC0-301F-11D3-BF4B-00C04F79EFBC}") = "MathNetExtensions", "MathNetUtils\MathNetExtensions.csproj", "{157A7FC2-699F-4F4E-AAFC-AC964124F989}"
EndProject
Global
	GlobalSection(SolutionConfigurationPlatforms) = preSolution
		Debug|Any CPU = Debug|Any CPU
		Release|Any CPU = Release|Any CPU
	EndGlobalSection
	GlobalSection(ProjectConfigurationPlatforms) = postSolution
		{56B18624-92EE-44E0-A654-F86B72551462}.Debug|Any CPU.ActiveCfg = Debug|Any CPU
		{56B18624-92EE-44E0-A654-F86B72551462}.Debug|Any CPU.Build.0 = Debug|Any CPU
		{56B18624-92EE-44E0-A654-F86B72551462}.Release|Any CPU.ActiveCfg = Release|Any CPU
		{56B18624-92EE-44E0-A654-F86B72551462}.Release|Any CPU.Build.0 = Release|Any CPU
		{7303FFD7-11C6-4F25-A388-25F251DC36C6}.Debug|Any CPU.ActiveCfg = Debug|Any CPU
		{7303FFD7-11C6-4F25-A388-25F251DC36C6}.Debug|Any CPU.Build.0 = Debug|Any CPU
		{7303FFD7-11C6-4F25-A388-25F251DC36C6}.Release|Any CPU.ActiveCfg = Release|Any CPU
		{7303FFD7-11C6-4F25-A388-25F251DC36C6}.Release|Any CPU.Build.0 = Release|Any CPU
		{ADC1803E-E8B1-4A29-92D1-D159BFC60216}.Debug|Any CPU.ActiveCfg = Debug|Any CPU
		{ADC1803E-E8B1-4A29-92D1-D159BFC60216}.Release|Any CPU.ActiveCfg = Release|Any CPU
		{31100BA7-7A93-4AFD-8DF1-EB039938184B}.Debug|Any CPU.ActiveCfg = Debug|Any CPU
		{31100BA7-7A93-4AFD-8DF1-EB039938184B}.Debug|Any CPU.Build.0 = Debug|Any CPU
		{31100BA7-7A93-4AFD-8DF1-EB039938184B}.Release|Any CPU.ActiveCfg = Release|Any CPU
		{31100BA7-7A93-4AFD-8DF1-EB039938184B}.Release|Any CPU.Build.0 = Release|Any CPU
		{A6D93E6B-F39B-43B3-8B15-A376AE0E069F}.Debug|Any CPU.ActiveCfg = Debug|Any CPU
		{A6D93E6B-F39B-43B3-8B15-A376AE0E069F}.Debug|Any CPU.Build.0 = Debug|Any CPU
		{A6D93E6B-F39B-43B3-8B15-A376AE0E069F}.Release|Any CPU.ActiveCfg = Release|Any CPU
		{A6D93E6B-F39B-43B3-8B15-A376AE0E069F}.Release|Any CPU.Build.0 = Release|Any CPU
		{AD1A8CDF-9631-4053-A676-5C5F8C164EF8}.Debug|Any CPU.ActiveCfg = Debug|Any CPU
		{AD1A8CDF-9631-4053-A676-5C5F8C164EF8}.Debug|Any CPU.Build.0 = Debug|Any CPU
		{AD1A8CDF-9631-4053-A676-5C5F8C164EF8}.Release|Any CPU.ActiveCfg = Release|Any CPU
		{AD1A8CDF-9631-4053-A676-5C5F8C164EF8}.Release|Any CPU.Build.0 = Release|Any CPU
		{157A7FC2-699F-4F4E-AAFC-AC964124F989}.Debug|Any CPU.ActiveCfg = Debug|Any CPU
		{157A7FC2-699F-4F4E-AAFC-AC964124F989}.Debug|Any CPU.Build.0 = Debug|Any CPU
		{157A7FC2-699F-4F4E-AAFC-AC964124F989}.Release|Any CPU.ActiveCfg = Release|Any CPU
		{157A7FC2-699F-4F4E-AAFC-AC964124F989}.Release|Any CPU.Build.0 = Release|Any CPU
	EndGlobalSection
	GlobalSection(SolutionProperties) = preSolution
		HideSolutionNode = FALSE
	EndGlobalSection
	GlobalSection(ExtensibilityGlobals) = postSolution
		SolutionGuid = {F75CF42A-7466-4B31-96BA-6C3A577F9FBF}
	EndGlobalSection
EndGlobal
